{
  "name": "taitto",
  "version": "1.0.3",
  "lockfileVersion": 1,
  "requires": true,
  "dependencies": {
    "@types/css-font-loading-module": {
      "version": "0.0.2",
      "resolved": "https://registry.npmjs.org/@types/css-font-loading-module/-/css-font-loading-module-0.0.2.tgz",
      "integrity": "sha512-zZTq/B1ZcJMepOfBIMEwOZ/g/jpSPUJoxP8zPtPizOKE/Q89SujK1BLYZBg+4LLW3IzJGOI67dbeePy8uPUs+g==",
      "dev": true
    },
    "@types/dagre": {
      "version": "0.7.44",
      "resolved": "https://registry.npmjs.org/@types/dagre/-/dagre-0.7.44.tgz",
      "integrity": "sha512-N6HD+79w77ZVAaVO7JJDW5yJ9LAxM62FpgNGO9xEde+KVYjDRyhIMzfiErXpr1g0JPon9kwlBzoBK6s4fOww9Q==",
      "dev": true
    },
    "dagre": {
      "version": "0.8.5",
      "resolved": "https://registry.npmjs.org/dagre/-/dagre-0.8.5.tgz",
      "integrity": "sha512-/aTqmnRta7x7MCCpExk7HQL2O4owCT2h8NT//9I1OQ9vt29Pa0BzSAkR5lwFUcQ7491yVi/3CXU9jQ5o0Mn2Sw==",
      "requires": {
        "graphlib": "^2.1.8",
        "lodash": "^4.17.15"
      }
    },
    "graphlib": {
      "version": "2.1.8",
      "resolved": "https://registry.npmjs.org/graphlib/-/graphlib-2.1.8.tgz",
      "integrity": "sha512-jcLLfkpoVGmH7/InMC/1hIvOPSUh38oJtGhvrOFGzioE1DZ+0YW16RgmOJhHiuWTvGiJQ9Z1Ik43JvkRPRvE+A==",
      "requires": {
        "lodash": "^4.17.15"
      }
    },
    "lodash": {
      "version": "4.17.19",
      "resolved": "https://registry.npmjs.org/lodash/-/lodash-4.17.19.tgz",
      "integrity": "sha512-JNvd8XER9GQX0v2qJgsaN/mzFCNA5BRe/j8JN9d+tWyGLSodKQHKFicdwNYzWwI3wjRnaKPsGj1XkBjx/F96DQ=="
    }
  }
}
